
Microsoft Visual Studio Solution File, Format Version 12.00
# Visual Studio Version 16
VisualStudioVersion = 16.0.29215.179
MinimumVisualStudioVersion = 10.0.40219.1
Project("{FAE04EC0-301F-11D3-BF4B-00C04F79EFBC}") = "LispScriptingCompiler", "LispScriptingCompiler\LispScriptingCompiler.csproj", "{B1DE7A8B-6C49-4FAC-B9F5-82E3886C3CD7}"
EndProject
Global
	GlobalSection(SolutionConfigurationPlatforms) = preSolution
		Debug|Any CPU = Debug|Any CPU
		Release|Any CPU = Release|Any CPU
	EndGlobalSection
	GlobalSection(ProjectConfigurationPlatforms) = postSolution
		{B1DE7A8B-6C49-4FAC-B9F5-82E3886C3CD7}.Debug|Any CPU.ActiveCfg = Debug|Any CPU
		{B1DE7A8B-6C49-4FAC-B9F5-82E3886C3CD7}.Debug|Any CPU.Build.0 = Debug|Any CPU
		{B1DE7A8B-6C49-4FAC-B9F5-82E3886C3CD7}.Release|Any CPU.ActiveCfg = Release|Any CPU
		{B1DE7A8B-6C49-4FAC-B9F5-82E3886C3CD7}.Release|Any CPU.Build.0 = Release|Any CPU
	EndGlobalSection
	GlobalSection(SolutionProperties) = preSolution
		HideSolutionNode = FALSE
	EndGlobalSection
	GlobalSection(ExtensibilityGlobals) = postSolution
		SolutionGuid = {C3F6C004-1D63-4AD7-9005-E8EB75BC60A4}
	EndGlobalSection
EndGlobal
